
Microsoft Visual Studio Solution File, Format Version 12.00
# Visual Studio Version 17
VisualStudioVersion = 17.6.33723.286
MinimumVisualStudioVersion = 10.0.40219.1
Project("{9A19103F-16F7-4668-BE54-9A1E7A4F7556}") = "TimeWidget", "TimeWidget.csproj", "{D9187240-8426-465D-B93D-0E7D44F7AB08}"
EndProject
Global
	GlobalSection(SolutionConfigurationPlatforms) = preSolution
		Debug|Any CPU = Debug|Any CPU
		Release|Any CPU = Release|Any CPU
	EndGlobalSection
	GlobalSection(ProjectConfigurationPlatforms) = postSolution
		{D9187240-8426-465D-B93D-0E7D44F7AB08}.Debug|Any CPU.ActiveCfg = Debug|Any CPU
		{D9187240-8426-465D-B93D-0E7D44F7AB08}.Debug|Any CPU.Build.0 = Debug|Any CPU
		{D9187240-8426-465D-B93D-0E7D44F7AB08}.Release|Any CPU.ActiveCfg = Release|Any CPU
		{D9187240-8426-465D-B93D-0E7D44F7AB08}.Release|Any CPU.Build.0 = Release|Any CPU
	EndGlobalSection
	GlobalSection(SolutionProperties) = preSolution
		HideSolutionNode = FALSE
	EndGlobalSection
	GlobalSection(ExtensibilityGlobals) = postSolution
		SolutionGuid = {61A8E1D5-8304-4F6C-9EA9-7F1112FD59E4}
	EndGlobalSection
EndGlobal
